
Microsoft Visual Studio Solution File, Format Version 12.00
# Visual Studio Version 17
VisualStudioVersion = 17.8.34309.116
MinimumVisualStudioVersion = 10.0.40219.1
Project("{FAE04EC0-301F-11D3-BF4B-00C04F79EFBC}") = "occ-cmd-adapter", "occ-cmd-adapter.csproj", "{7BE18B9B-30FD-4F3B-BD89-FA93DF066E6C}"
EndProject
Global
	GlobalSection(SolutionConfigurationPlatforms) = preSolution
		Debug|Any CPU = Debug|Any CPU
		Release|Any CPU = Release|Any CPU
	EndGlobalSection
	GlobalSection(ProjectConfigurationPlatforms) = postSolution
		{7BE18B9B-30FD-4F3B-BD89-FA93DF066E6C}.Debug|Any CPU.ActiveCfg = Debug|Any CPU
		{7BE18B9B-30FD-4F3B-BD89-FA93DF066E6C}.Debug|Any CPU.Build.0 = Debug|Any CPU
		{7BE18B9B-30FD-4F3B-BD89-FA93DF066E6C}.Release|Any CPU.ActiveCfg = Release|Any CPU
		{7BE18B9B-30FD-4F3B-BD89-FA93DF066E6C}.Release|Any CPU.Build.0 = Release|Any CPU
	EndGlobalSection
	GlobalSection(SolutionProperties) = preSolution
		HideSolutionNode = FALSE
	EndGlobalSection
	GlobalSection(ExtensibilityGlobals) = postSolution
		SolutionGuid = {1307F91A-5316-43AA-8E4D-466253D7D5E3}
	EndGlobalSection
EndGlobal
